
Microsoft Visual Studio Solution File, Format Version 12.00
# Visual Studio 15
VisualStudioVersion = 15.0.28307.421
MinimumVisualStudioVersion = 10.0.40219.1
Project("{FAE04EC0-301F-11D3-BF4B-00C04F79EFBC}") = "EasyEditUI", "EasyEditUI\EasyEditUI.csproj", "{E765FE48-DFD1-4B1C-A33F-AF90B239594C}"
EndProject
Project("{8BC9CEB8-8B4A-11D0-8D11-00A0C91BC942}") = "EasyEditLib", "EasyEditLib\EasyEditLib.vcxproj", "{06A8BDB1-7374-4147-8873-456FFD17C803}"
EndProject
Global
	GlobalSection(SolutionConfigurationPlatforms) = preSolution
		Debug|Any CPU = Debug|Any CPU
		Debug|x64 = Debug|x64
		Debug|x86 = Debug|x86
		Release|Any CPU = Release|Any CPU
		Release|x64 = Release|x64
		Release|x86 = Release|x86
	EndGlobalSection
	GlobalSection(ProjectConfigurationPlatforms) = postSolution
		{E765FE48-DFD1-4B1C-A33F-AF90B239594C}.Debug|Any CPU.ActiveCfg = Debug|Any CPU
		{E765FE48-DFD1-4B1C-A33F-AF90B239594C}.Debug|Any CPU.Build.0 = Debug|Any CPU
		{E765FE48-DFD1-4B1C-A33F-AF90B239594C}.Debug|x64.ActiveCfg = Debug|Any CPU
		{E765FE48-DFD1-4B1C-A33F-AF90B239594C}.Debug|x64.Build.0 = Debug|Any CPU
		{E765FE48-DFD1-4B1C-A33F-AF90B239594C}.Debug|x86.ActiveCfg = Debug|Any CPU
		{E765FE48-DFD1-4B1C-A33F-AF90B239594C}.Debug|x86.Build.0 = Debug|Any CPU
		{E765FE48-DFD1-4B1C-A33F-AF90B239594C}.Release|Any CPU.ActiveCfg = Release|Any CPU
		{E765FE48-DFD1-4B1C-A33F-AF90B239594C}.Release|Any CPU.Build.0 = Release|Any CPU
		{E765FE48-DFD1-4B1C-A33F-AF90B239594C}.Release|x64.ActiveCfg = Release|Any CPU
		{E765FE48-DFD1-4B1C-A33F-AF90B239594C}.Release|x64.Build.0 = Release|Any CPU
		{E765FE48-DFD1-4B1C-A33F-AF90B239594C}.Release|x86.ActiveCfg = Release|Any CPU
		{E765FE48-DFD1-4B1C-A33F-AF90B239594C}.Release|x86.Build.0 = Release|Any CPU
		{06A8BDB1-7374-4147-8873-456FFD17C803}.Debug|Any CPU.ActiveCfg = Debug|Win32
		{06A8BDB1-7374-4147-8873-456FFD17C803}.Debug|x64.ActiveCfg = Debug|x64
		{06A8BDB1-7374-4147-8873-456FFD17C803}.Debug|x64.Build.0 = Debug|x64
		{06A8BDB1-7374-4147-8873-456FFD17C803}.Debug|x86.ActiveCfg = Debug|Win32
		{06A8BDB1-7374-4147-8873-456FFD17C803}.Debug|x86.Build.0 = Debug|Win32
		{06A8BDB1-7374-4147-8873-456FFD17C803}.Release|Any CPU.ActiveCfg = Release|Win32
		{06A8BDB1-7374-4147-8873-456FFD17C803}.Release|x64.ActiveCfg = Release|x64
		{06A8BDB1-7374-4147-8873-456FFD17C803}.Release|x64.Build.0 = Release|x64
		{06A8BDB1-7374-4147-8873-456FFD17C803}.Release|x86.ActiveCfg = Release|Win32
		{06A8BDB1-7374-4147-8873-456FFD17C803}.Release|x86.Build.0 = Release|Win32
	EndGlobalSection
	GlobalSection(SolutionProperties) = preSolution
		HideSolutionNode = FALSE
	EndGlobalSection
	GlobalSection(ExtensibilityGlobals) = postSolution
		SolutionGuid = {11C599BE-4A46-4C60-9E59-687770A0D8B1}
	EndGlobalSection
EndGlobal
